
Microsoft Visual Studio Solution File, Format Version 12.00
# Visual Studio Version 17
VisualStudioVersion = 17.7.34221.43
MinimumVisualStudioVersion = 10.0.40219.1
Project("{FAE04EC0-301F-11D3-BF4B-00C04F79EFBC}") = "S10258591_PRG2Assignment", "S10258591_PRG2Assignment.csproj", "{69A3A1C5-A582-47BE-BF13-91E3ACF23622}"
EndProject
Global
	GlobalSection(SolutionConfigurationPlatforms) = preSolution
		Debug|Any CPU = Debug|Any CPU
		Release|Any CPU = Release|Any CPU
	EndGlobalSection
	GlobalSection(ProjectConfigurationPlatforms) = postSolution
		{69A3A1C5-A582-47BE-BF13-91E3ACF23622}.Debug|Any CPU.ActiveCfg = Debug|Any CPU
		{69A3A1C5-A582-47BE-BF13-91E3ACF23622}.Debug|Any CPU.Build.0 = Debug|Any CPU
		{69A3A1C5-A582-47BE-BF13-91E3ACF23622}.Release|Any CPU.ActiveCfg = Release|Any CPU
		{69A3A1C5-A582-47BE-BF13-91E3ACF23622}.Release|Any CPU.Build.0 = Release|Any CPU
	EndGlobalSection
	GlobalSection(SolutionProperties) = preSolution
		HideSolutionNode = FALSE
	EndGlobalSection
	GlobalSection(ExtensibilityGlobals) = postSolution
		SolutionGuid = {02DCE8C9-456C-472D-8793-7DC9A29A9FC5}
	EndGlobalSection
EndGlobal
